
Microsoft Visual Studio Solution File, Format Version 12.00
# Visual Studio Version 16
VisualStudioVersion = 16.0.808.2
MinimumVisualStudioVersion = 10.0.40219.1
Project("{FAE04EC0-301F-11D3-BF4B-00C04F79EFBC}") = "Lesson2CyclicRotation", "Lesson2CyclicRotation\Lesson2CyclicRotation.csproj", "{BC28F18E-07C3-4FBB-BE05-A08157D34FF3}"
EndProject
Project("{FAE04EC0-301F-11D3-BF4B-00C04F79EFBC}") = "UnitTestProject", "UnitTestProject\UnitTestProject.csproj", "{3532CF3A-C10F-4B66-B97F-A12D7F0DD3F3}"
EndProject
Project("{FAE04EC0-301F-11D3-BF4B-00C04F79EFBC}") = "Lesson3FrogJump", "Lesson3FrogJump\Lesson3FrogJump.csproj", "{B486EE5C-39C3-4BAE-B606-01519E05F406}"
EndProject
Project("{FAE04EC0-301F-11D3-BF4B-00C04F79EFBC}") = "NUnitTests", "NUnitTests\NUnitTests.csproj", "{93FC45CB-ACA9-4427-8360-8B09AF085C8F}"
EndProject
Global
	GlobalSection(SolutionConfigurationPlatforms) = preSolution
		Debug|anycpu = Debug|anycpu
		Release|anycpu = Release|anycpu
	EndGlobalSection
	GlobalSection(ProjectConfigurationPlatforms) = postSolution
		{BC28F18E-07C3-4FBB-BE05-A08157D34FF3}.Debug|anycpu.ActiveCfg = Debug|Any CPU
		{BC28F18E-07C3-4FBB-BE05-A08157D34FF3}.Debug|anycpu.Build.0 = Debug|Any CPU
		{BC28F18E-07C3-4FBB-BE05-A08157D34FF3}.Release|anycpu.ActiveCfg = Release|Any CPU
		{BC28F18E-07C3-4FBB-BE05-A08157D34FF3}.Release|anycpu.Build.0 = Release|Any CPU
		{3532CF3A-C10F-4B66-B97F-A12D7F0DD3F3}.Debug|anycpu.ActiveCfg = Debug|Any CPU
		{3532CF3A-C10F-4B66-B97F-A12D7F0DD3F3}.Debug|anycpu.Build.0 = Debug|Any CPU
		{3532CF3A-C10F-4B66-B97F-A12D7F0DD3F3}.Release|anycpu.ActiveCfg = Release|Any CPU
		{3532CF3A-C10F-4B66-B97F-A12D7F0DD3F3}.Release|anycpu.Build.0 = Release|Any CPU
		{B486EE5C-39C3-4BAE-B606-01519E05F406}.Debug|anycpu.ActiveCfg = Debug|Any CPU
		{B486EE5C-39C3-4BAE-B606-01519E05F406}.Debug|anycpu.Build.0 = Debug|Any CPU
		{B486EE5C-39C3-4BAE-B606-01519E05F406}.Release|anycpu.ActiveCfg = Release|Any CPU
		{B486EE5C-39C3-4BAE-B606-01519E05F406}.Release|anycpu.Build.0 = Release|Any CPU
		{93FC45CB-ACA9-4427-8360-8B09AF085C8F}.Debug|anycpu.ActiveCfg = Debug|Any CPU
		{93FC45CB-ACA9-4427-8360-8B09AF085C8F}.Debug|anycpu.Build.0 = Debug|Any CPU
		{93FC45CB-ACA9-4427-8360-8B09AF085C8F}.Release|anycpu.ActiveCfg = Release|Any CPU
		{93FC45CB-ACA9-4427-8360-8B09AF085C8F}.Release|anycpu.Build.0 = Release|Any CPU
	EndGlobalSection
	GlobalSection(SolutionProperties) = preSolution
		HideSolutionNode = FALSE
	EndGlobalSection
	GlobalSection(ExtensibilityGlobals) = postSolution
		SolutionGuid = {CF798FD5-3074-471D-BC70-C7896B463CFE}
	EndGlobalSection
EndGlobal
